
Microsoft Visual Studio Solution File, Format Version 12.00
# Visual Studio Version 16
VisualStudioVersion = 16.0.29324.140
MinimumVisualStudioVersion = 10.0.40219.1
Project("{9A19103F-16F7-4668-BE54-9A1E7A4F7556}") = "fantasy_hoops", "fantasy_hoops.csproj", "{45F2954D-449C-4645-8923-344CA09E929A}"
EndProject
Global
	GlobalSection(SolutionConfigurationPlatforms) = preSolution
		Debug|Any CPU = Debug|Any CPU
		Release|Any CPU = Release|Any CPU
	EndGlobalSection
	GlobalSection(ProjectConfigurationPlatforms) = postSolution
		{45F2954D-449C-4645-8923-344CA09E929A}.Debug|Any CPU.ActiveCfg = Debug|Any CPU
		{45F2954D-449C-4645-8923-344CA09E929A}.Debug|Any CPU.Build.0 = Debug|Any CPU
		{45F2954D-449C-4645-8923-344CA09E929A}.Release|Any CPU.ActiveCfg = Release|Any CPU
		{45F2954D-449C-4645-8923-344CA09E929A}.Release|Any CPU.Build.0 = Release|Any CPU
	EndGlobalSection
	GlobalSection(SolutionProperties) = preSolution
		HideSolutionNode = FALSE
	EndGlobalSection
	GlobalSection(ExtensibilityGlobals) = postSolution
		SolutionGuid = {640A29FF-0B77-40DB-B0FA-B53BC0AF72FF}
	EndGlobalSection
EndGlobal
